{
  "name": "workspace",
  "version": "1.0.0",
  "lockfileVersion": 3,
  "requires": true,
  "packages": {
    "": {
      "name": "workspace",
      "version": "1.0.0",
      "license": "ISC",
      "dependencies": {
        "openid-client": "^6.3.3"
      }
    },
    "node_modules/jose": {
      "version": "6.0.9",
      "resolved": "https://registry.npmjs.org/jose/-/jose-6.0.9.tgz",
      "integrity": "sha512-6HEy/G3IBiGwOeT0phvu19yt/zagFKSpQPpQ6YUIiCxBUPfThVkOv9wlwHGkatUqbHvkWHYPtJJil4U5jHwllw==",
      "license": "MIT",
      "funding": {
        "url": "https://github.com/sponsors/panva"
      }
    },
    "node_modules/oauth4webapi": {
      "version": "3.3.1",
      "resolved": "https://registry.npmjs.org/oauth4webapi/-/oauth4webapi-3.3.1.tgz",
      "integrity": "sha512-ZwX7UqYrP3Lr+Glhca3a1/nF2jqf7VVyJfhGuW5JtrfDUxt0u+IoBPzFjZ2dd7PJGkdM6CFPVVYzuDYKHv101A==",
      "license": "MIT",
      "funding": {
        "url": "https://github.com/sponsors/panva"
      }
    },
    "node_modules/openid-client": {
      "version": "6.3.3",
      "resolved": "https://registry.npmjs.org/openid-client/-/openid-client-6.3.3.tgz",
      "integrity": "sha512-lTK8AV8SjqCM4qznLX0asVESAwzV39XTVdfMAM185ekuaZCnkWdPzcxMTXNlsm9tsUAMa1Q30MBmKAykdT1LWw==",
      "license": "MIT",
      "dependencies": {
        "jose": "^6.0.6",
        "oauth4webapi": "^3.3.0"
      },
      "funding": {
        "url": "https://github.com/sponsors/panva"
      }
    }
  }
}
